<?xml version="1.0" encoding="utf-8"?>
<Project ToolsVersion="4.0" xmlns="http://schemas.microsoft.com/developer/msbuild/2003">
  <ItemGroup>
    <Filter Include="Headers">
      <UniqueIdentifier>{93995380-89BD-4b04-88EB-625FBE52EBFB}</UniqueIdentifier>
      <Extensions>h;hh;hpp;hxx;h++;hm;inl;inc;ipp;xsd</Extensions>
    </Filter>
    <Filter Include="ImGui">
      <UniqueIdentifier>{44369626-e585-4bc7-8280-94874cda1f23}</UniqueIdentifier>
    </Filter>
    <Filter Include="Source">
      <UniqueIdentifier>{4FC737F1-C7A5-4376-A066-2A32D752A2FF}</UniqueIdentifier>
      <Extensions>cpp;c;cc;cxx;c++;cppm;ixx;def;odl;idl;hpj;bat;asm;asmx</Extensions>
    </Filter>
    <Filter Include="Headers\Detours">
      <UniqueIdentifier>{ad333c04-75e7-4dcb-8eaf-a5037030c9df}</UniqueIdentifier>
    </Filter>
    <Filter Include="Headers\GLua">
      <UniqueIdentifier>{1f245fcf-2d97-451c-9a8d-484a9776b4e3}</UniqueIdentifier>
    </Filter>
  </ItemGroup>
  <ItemGroup>
    <ClInclude Include="framework.h">
      <Filter>Headers</Filter>
    </ClInclude>
    <ClInclude Include="dxhook\mainHook.h">
      <Filter>Headers</Filter>
    </ClInclude>
    <ClInclude Include="imgui\imstb_truetype.h">
      <Filter>ImGui</Filter>
    </ClInclude>
    <ClInclude Include="imgui\imstb_textedit.h">
      <Filter>ImGui</Filter>
    </ClInclude>
    <ClInclude Include="imgui\imstb_rectpack.h">
      <Filter>ImGui</Filter>
    </ClInclude>
    <ClInclude Include="imgui\imgui_internal.h">
      <Filter>ImGui</Filter>
    </ClInclude>
    <ClInclude Include="imgui\imgui_impl_win32.h">
      <Filter>ImGui</Filter>
    </ClInclude>
    <ClInclude Include="imgui\imgui_impl_dx9.h">
      <Filter>ImGui</Filter>
    </ClInclude>
    <ClInclude Include="imgui\imgui.h">
      <Filter>ImGui</Filter>
    </ClInclude>
    <ClInclude Include="imgui\imconfig.h">
      <Filter>ImGui</Filter>
    </ClInclude>
    <ClInclude Include="detours.h">
      <Filter>Headers\Detours</Filter>
    </ClInclude>
    <ClInclude Include="detver.h">
      <Filter>Headers\Detours</Filter>
    </ClInclude>
    <ClInclude Include="glua\Interface.h">
      <Filter>Headers\GLua</Filter>
    </ClInclude>
    <ClInclude Include="glua\LuaBase.h">
      <Filter>Headers\GLua</Filter>
    </ClInclude>
    <ClInclude Include="glua\SourceCompat.h">
      <Filter>Headers\GLua</Filter>
    </ClInclude>
    <ClInclude Include="glua\Types.h">
      <Filter>Headers\GLua</Filter>
    </ClInclude>
    <ClInclude Include="glua\UserData.h">
      <Filter>Headers\GLua</Filter>
    </ClInclude>
  </ItemGroup>
  <ItemGroup>
    <ClCompile Include="dxhook\dummyDeviceTrick.cpp">
      <Filter>Source</Filter>
    </ClCompile>
    <ClCompile Include="dxhook\hooks.cpp">
      <Filter>Source</Filter>
    </ClCompile>
    <ClCompile Include="imgui\imgui.cpp">
      <Filter>ImGui</Filter>
    </ClCompile>
    <ClCompile Include="imgui\imgui_demo.cpp">
      <Filter>ImGui</Filter>
    </ClCompile>
    <ClCompile Include="imgui\imgui_draw.cpp">
      <Filter>ImGui</Filter>
    </ClCompile>
    <ClCompile Include="imgui\imgui_impl_dx9.cpp">
      <Filter>ImGui</Filter>
    </ClCompile>
    <ClCompile Include="imgui\imgui_impl_win32.cpp">
      <Filter>ImGui</Filter>
    </ClCompile>
    <ClCompile Include="imgui\imgui_widgets.cpp">
      <Filter>ImGui</Filter>
    </ClCompile>
    <ClCompile Include="imgui\imgui_tables.cpp">
      <Filter>ImGui</Filter>
    </ClCompile>
    <ClCompile Include="main.cpp">
      <Filter>Source</Filter>
    </ClCompile>
    <ClCompile Include="dxhook\mainDX.cpp">
      <Filter>Source</Filter>
    </ClCompile>
    <ClCompile Include="dxhook\windowSetup.cpp">
      <Filter>Source</Filter>
    </ClCompile>
    <ClCompile Include="imgui\imgui_win32_customimpl.cpp">
      <Filter>ImGui</Filter>
    </ClCompile>
  </ItemGroup>
</Project>